
Microsoft Visual Studio Solution File, Format Version 12.00
Project("{8BC9CEB8-8B4A-11D0-8D11-00A0C91BC942}") = "Assignment 2.3_DataStructures_CECS3212SP23", "Assignment 2.3_DataStructures_CECS3212SP23\Assignment 2.3_DataStructures_CECS3212SP23.vcxproj", "{E340205D-2B8E-494D-A1F5-0FD0A602765C}"
EndProject
Global
	GlobalSection(SolutionConfigurationPlatforms) = preSolution
		Debug|Win32 = Debug|Win32
		Debug|x64 = Debug|x64
		Release|Win32 = Release|Win32
		Release|x64 = Release|x64
	EndGlobalSection
	GlobalSection(ProjectConfigurationPlatforms) = postSolution
		{E340205D-2B8E-494D-A1F5-0FD0A602765C}.Debug|Win32.ActiveCfg = Debug|Win32
		{E340205D-2B8E-494D-A1F5-0FD0A602765C}.Debug|Win32.Build.0 = Debug|Win32
		{E340205D-2B8E-494D-A1F5-0FD0A602765C}.Debug|x64.ActiveCfg = Debug|x64
		{E340205D-2B8E-494D-A1F5-0FD0A602765C}.Debug|x64.Build.0 = Debug|x64
		{E340205D-2B8E-494D-A1F5-0FD0A602765C}.Release|Win32.ActiveCfg = Release|Win32
		{E340205D-2B8E-494D-A1F5-0FD0A602765C}.Release|Win32.Build.0 = Release|Win32
		{E340205D-2B8E-494D-A1F5-0FD0A602765C}.Release|x64.ActiveCfg = Release|x64
		{E340205D-2B8E-494D-A1F5-0FD0A602765C}.Release|x64.Build.0 = Release|x64
	EndGlobalSection
EndGlobal
